// !$*UTF8*$!
{
	archiveVersion = 1;
	classes = {
	};
	objectVersion = 56;
	objects = {

/* Begin PBXBuildFile section */
		423E711D920D56F150620A9A /* Pods_VerizonLivelikeTests.framework in Frameworks */ = {isa = PBXBuildFile; fileRef = F78E9DCCDB78E601FECCECD7 /* Pods_VerizonLivelikeTests.framework */; };
		46996BB069FF1571FDB8A627 /* Pods_VerizonLivelike_VerizonLivelikeUITests.framework in Frameworks */ = {isa = PBXBuildFile; fileRef = 0E2F51F10B45D86B395DDADF /* Pods_VerizonLivelike_VerizonLivelikeUITests.framework */; };
		5C77FF60C6715E7A6BF515E3 /* Pods_VerizonLivelike.framework in Frameworks */ = {isa = PBXBuildFile; fileRef = 37591AC3256B1D23C4500187 /* Pods_VerizonLivelike.framework */; };
		DF869EB029DAC7F8002D7C68 /* AppDelegate.swift in Sources */ = {isa = PBXBuildFile; fileRef = DF869EAF29DAC7F8002D7C68 /* AppDelegate.swift */; };
		DF869EB229DAC7F8002D7C68 /* SceneDelegate.swift in Sources */ = {isa = PBXBuildFile; fileRef = DF869EB129DAC7F8002D7C68 /* SceneDelegate.swift */; };
		DF869EB429DAC7F8002D7C68 /* ViewController.swift in Sources */ = {isa = PBXBuildFile; fileRef = DF869EB329DAC7F8002D7C68 /* ViewController.swift */; };
		DF869EB729DAC7F8002D7C68 /* Main.storyboard in Resources */ = {isa = PBXBuildFile; fileRef = DF869EB529DAC7F8002D7C68 /* Main.storyboard */; };
		DF869EB929DAC7FB002D7C68 /* Assets.xcassets in Resources */ = {isa = PBXBuildFile; fileRef = DF869EB829DAC7FB002D7C68 /* Assets.xcassets */; };
		DF869EBC29DAC7FB002D7C68 /* LaunchScreen.storyboard in Resources */ = {isa = PBXBuildFile; fileRef = DF869EBA29DAC7FB002D7C68 /* LaunchScreen.storyboard */; };
		DF869EC729DAC7FB002D7C68 /* VerizonLivelikeTests.swift in Sources */ = {isa = PBXBuildFile; fileRef = DF869EC629DAC7FB002D7C68 /* VerizonLivelikeTests.swift */; };
		DF869ED129DAC7FB002D7C68 /* VerizonLivelikeUITests.swift in Sources */ = {isa = PBXBuildFile; fileRef = DF869ED029DAC7FB002D7C68 /* VerizonLivelikeUITests.swift */; };
		DF869ED329DAC7FB002D7C68 /* VerizonLivelikeUITestsLaunchTests.swift in Sources */ = {isa = PBXBuildFile; fileRef = DF869ED229DAC7FB002D7C68 /* VerizonLivelikeUITestsLaunchTests.swift */; };
		DF869EE429DACA57002D7C68 /* CustomCheerMeterWidgetView.swift in Sources */ = {isa = PBXBuildFile; fileRef = DF869EDF29DACA56002D7C68 /* CustomCheerMeterWidgetView.swift */; };
		DF869EE529DACA57002D7C68 /* CustomCheerMeterWidgetViewController.swift in Sources */ = {isa = PBXBuildFile; fileRef = DF869EE029DACA56002D7C68 /* CustomCheerMeterWidgetViewController.swift */; };
		DF869EE629DACA57002D7C68 /* CheerMeterPowerBar.swift in Sources */ = {isa = PBXBuildFile; fileRef = DF869EE129DACA57002D7C68 /* CheerMeterPowerBar.swift */; };
		DF869EE729DACA57002D7C68 /* CustomCheerMeterWinnerView.swift in Sources */ = {isa = PBXBuildFile; fileRef = DF869EE229DACA57002D7C68 /* CustomCheerMeterWinnerView.swift */; };
		DF869EE829DACA57002D7C68 /* GradientView.swift in Sources */ = {isa = PBXBuildFile; fileRef = DF869EE329DACA57002D7C68 /* GradientView.swift */; };
		DF869EEA29DAD180002D7C68 /* WidgetView.swift in Sources */ = {isa = PBXBuildFile; fileRef = DF869EE929DAD180002D7C68 /* WidgetView.swift */; };
		DF869EEE29DAD37A002D7C68 /* WidgetState.swift in Sources */ = {isa = PBXBuildFile; fileRef = DF869EEB29DAD379002D7C68 /* WidgetState.swift */; };
		DF869EEF29DAD37A002D7C68 /* WidgetViewModel.swift in Sources */ = {isa = PBXBuildFile; fileRef = DF869EEC29DAD379002D7C68 /* WidgetViewModel.swift */; };
		DF869EF029DAD37A002D7C68 /* WidgetOption.swift in Sources */ = {isa = PBXBuildFile; fileRef = DF869EED29DAD37A002D7C68 /* WidgetOption.swift */; };
		DF869EF429DAD5E8002D7C68 /* WidgetEvents.swift in Sources */ = {isa = PBXBuildFile; fileRef = DF869EF329DAD5E8002D7C68 /* WidgetEvents.swift */; };
		DF869EF829DAD71A002D7C68 /* ChoiceWidgetOption.swift in Sources */ = {isa = PBXBuildFile; fileRef = DF869EF729DAD71A002D7C68 /* ChoiceWidgetOption.swift */; };
		DF869EFA29DAD808002D7C68 /* WidgetDismissedProperties.swift in Sources */ = {isa = PBXBuildFile; fileRef = DF869EF929DAD808002D7C68 /* WidgetDismissedProperties.swift */; };
		DF869EFC29DAF53E002D7C68 /* InteractiveWidgetTimelineViewDelegate.swift in Sources */ = {isa = PBXBuildFile; fileRef = DF869EFB29DAF53E002D7C68 /* InteractiveWidgetTimelineViewDelegate.swift */; };
		DF869F0129DB4625002D7C68 /* CustomTextPollWidgetViewController.swift in Sources */ = {isa = PBXBuildFile; fileRef = DF869F0029DB4625002D7C68 /* CustomTextPollWidgetViewController.swift */; };
		DF869F0329DB467F002D7C68 /* CustomTextChoiceWidgetView.swift in Sources */ = {isa = PBXBuildFile; fileRef = DF869F0229DB467F002D7C68 /* CustomTextChoiceWidgetView.swift */; };
/* End PBXBuildFile section */

/* Begin PBXContainerItemProxy section */
		DF869EC329DAC7FB002D7C68 /* PBXContainerItemProxy */ = {
			isa = PBXContainerItemProxy;
			containerPortal = DF869EA429DAC7F8002D7C68 /* Project object */;
			proxyType = 1;
			remoteGlobalIDString = DF869EAB29DAC7F8002D7C68;
			remoteInfo = VerizonLivelike;
		};
		DF869ECD29DAC7FB002D7C68 /* PBXContainerItemProxy */ = {
			isa = PBXContainerItemProxy;
			containerPortal = DF869EA429DAC7F8002D7C68 /* Project object */;
			proxyType = 1;
			remoteGlobalIDString = DF869EAB29DAC7F8002D7C68;
			remoteInfo = VerizonLivelike;
		};
/* End PBXContainerItemProxy section */

/* Begin PBXFileReference section */
		0308FD2DC7BF48BBBB104ADA /* Pods-VerizonLivelike.debug.xcconfig */ = {isa = PBXFileReference; includeInIndex = 1; lastKnownFileType = text.xcconfig; name = "Pods-VerizonLivelike.debug.xcconfig"; path = "Target Support Files/Pods-VerizonLivelike/Pods-VerizonLivelike.debug.xcconfig"; sourceTree = "<group>"; };
		0E2F51F10B45D86B395DDADF /* Pods_VerizonLivelike_VerizonLivelikeUITests.framework */ = {isa = PBXFileReference; explicitFileType = wrapper.framework; includeInIndex = 0; path = Pods_VerizonLivelike_VerizonLivelikeUITests.framework; sourceTree = BUILT_PRODUCTS_DIR; };
		0FA184E36070C319B01FA2E4 /* Pods-VerizonLivelikeTests.debug.xcconfig */ = {isa = PBXFileReference; includeInIndex = 1; lastKnownFileType = text.xcconfig; name = "Pods-VerizonLivelikeTests.debug.xcconfig"; path = "Target Support Files/Pods-VerizonLivelikeTests/Pods-VerizonLivelikeTests.debug.xcconfig"; sourceTree = "<group>"; };
		1F7F04BDBC6F13292CD9E613 /* Pods-VerizonLivelike-VerizonLivelikeUITests.debug.xcconfig */ = {isa = PBXFileReference; includeInIndex = 1; lastKnownFileType = text.xcconfig; name = "Pods-VerizonLivelike-VerizonLivelikeUITests.debug.xcconfig"; path = "Target Support Files/Pods-VerizonLivelike-VerizonLivelikeUITests/Pods-VerizonLivelike-VerizonLivelikeUITests.debug.xcconfig"; sourceTree = "<group>"; };
		2DA6FD72AF3E678E2D7A0874 /* Pods-VerizonLivelike-VerizonLivelikeUITests.release.xcconfig */ = {isa = PBXFileReference; includeInIndex = 1; lastKnownFileType = text.xcconfig; name = "Pods-VerizonLivelike-VerizonLivelikeUITests.release.xcconfig"; path = "Target Support Files/Pods-VerizonLivelike-VerizonLivelikeUITests/Pods-VerizonLivelike-VerizonLivelikeUITests.release.xcconfig"; sourceTree = "<group>"; };
		37591AC3256B1D23C4500187 /* Pods_VerizonLivelike.framework */ = {isa = PBXFileReference; explicitFileType = wrapper.framework; includeInIndex = 0; path = Pods_VerizonLivelike.framework; sourceTree = BUILT_PRODUCTS_DIR; };
		AD97EDE51EABA717F640B781 /* Pods-VerizonLivelike.release.xcconfig */ = {isa = PBXFileReference; includeInIndex = 1; lastKnownFileType = text.xcconfig; name = "Pods-VerizonLivelike.release.xcconfig"; path = "Target Support Files/Pods-VerizonLivelike/Pods-VerizonLivelike.release.xcconfig"; sourceTree = "<group>"; };
		DF869EAC29DAC7F8002D7C68 /* VerizonLivelike.app */ = {isa = PBXFileReference; explicitFileType = wrapper.application; includeInIndex = 0; path = VerizonLivelike.app; sourceTree = BUILT_PRODUCTS_DIR; };
		DF869EAF29DAC7F8002D7C68 /* AppDelegate.swift */ = {isa = PBXFileReference; lastKnownFileType = sourcecode.swift; path = AppDelegate.swift; sourceTree = "<group>"; };
		DF869EB129DAC7F8002D7C68 /* SceneDelegate.swift */ = {isa = PBXFileReference; lastKnownFileType = sourcecode.swift; path = SceneDelegate.swift; sourceTree = "<group>"; };
		DF869EB329DAC7F8002D7C68 /* ViewController.swift */ = {isa = PBXFileReference; lastKnownFileType = sourcecode.swift; path = ViewController.swift; sourceTree = "<group>"; };
		DF869EB629DAC7F8002D7C68 /* Base */ = {isa = PBXFileReference; lastKnownFileType = file.storyboard; name = Base; path = Base.lproj/Main.storyboard; sourceTree = "<group>"; };
		DF869EB829DAC7FB002D7C68 /* Assets.xcassets */ = {isa = PBXFileReference; lastKnownFileType = folder.assetcatalog; path = Assets.xcassets; sourceTree = "<group>"; };
		DF869EBB29DAC7FB002D7C68 /* Base */ = {isa = PBXFileReference; lastKnownFileType = file.storyboard; name = Base; path = Base.lproj/LaunchScreen.storyboard; sourceTree = "<group>"; };
		DF869EBD29DAC7FB002D7C68 /* Info.plist */ = {isa = PBXFileReference; lastKnownFileType = text.plist.xml; path = Info.plist; sourceTree = "<group>"; };
		DF869EC229DAC7FB002D7C68 /* VerizonLivelikeTests.xctest */ = {isa = PBXFileReference; explicitFileType = wrapper.cfbundle; includeInIndex = 0; path = VerizonLivelikeTests.xctest; sourceTree = BUILT_PRODUCTS_DIR; };
		DF869EC629DAC7FB002D7C68 /* VerizonLivelikeTests.swift */ = {isa = PBXFileReference; lastKnownFileType = sourcecode.swift; path = VerizonLivelikeTests.swift; sourceTree = "<group>"; };
		DF869ECC29DAC7FB002D7C68 /* VerizonLivelikeUITests.xctest */ = {isa = PBXFileReference; explicitFileType = wrapper.cfbundle; includeInIndex = 0; path = VerizonLivelikeUITests.xctest; sourceTree = BUILT_PRODUCTS_DIR; };
		DF869ED029DAC7FB002D7C68 /* VerizonLivelikeUITests.swift */ = {isa = PBXFileReference; lastKnownFileType = sourcecode.swift; path = VerizonLivelikeUITests.swift; sourceTree = "<group>"; };
		DF869ED229DAC7FB002D7C68 /* VerizonLivelikeUITestsLaunchTests.swift */ = {isa = PBXFileReference; lastKnownFileType = sourcecode.swift; path = VerizonLivelikeUITestsLaunchTests.swift; sourceTree = "<group>"; };
		DF869EDF29DACA56002D7C68 /* CustomCheerMeterWidgetView.swift */ = {isa = PBXFileReference; fileEncoding = 4; lastKnownFileType = sourcecode.swift; path = CustomCheerMeterWidgetView.swift; sourceTree = "<group>"; };
		DF869EE029DACA56002D7C68 /* CustomCheerMeterWidgetViewController.swift */ = {isa = PBXFileReference; fileEncoding = 4; lastKnownFileType = sourcecode.swift; path = CustomCheerMeterWidgetViewController.swift; sourceTree = "<group>"; };
		DF869EE129DACA57002D7C68 /* CheerMeterPowerBar.swift */ = {isa = PBXFileReference; fileEncoding = 4; lastKnownFileType = sourcecode.swift; path = CheerMeterPowerBar.swift; sourceTree = "<group>"; };
		DF869EE229DACA57002D7C68 /* CustomCheerMeterWinnerView.swift */ = {isa = PBXFileReference; fileEncoding = 4; lastKnownFileType = sourcecode.swift; path = CustomCheerMeterWinnerView.swift; sourceTree = "<group>"; };
		DF869EE329DACA57002D7C68 /* GradientView.swift */ = {isa = PBXFileReference; fileEncoding = 4; lastKnownFileType = sourcecode.swift; path = GradientView.swift; sourceTree = "<group>"; };
		DF869EE929DAD180002D7C68 /* WidgetView.swift */ = {isa = PBXFileReference; fileEncoding = 4; lastKnownFileType = sourcecode.swift; path = WidgetView.swift; sourceTree = "<group>"; };
		DF869EEB29DAD379002D7C68 /* WidgetState.swift */ = {isa = PBXFileReference; fileEncoding = 4; lastKnownFileType = sourcecode.swift; path = WidgetState.swift; sourceTree = "<group>"; };
		DF869EEC29DAD379002D7C68 /* WidgetViewModel.swift */ = {isa = PBXFileReference; fileEncoding = 4; lastKnownFileType = sourcecode.swift; path = WidgetViewModel.swift; sourceTree = "<group>"; };
		DF869EED29DAD37A002D7C68 /* WidgetOption.swift */ = {isa = PBXFileReference; fileEncoding = 4; lastKnownFileType = sourcecode.swift; path = WidgetOption.swift; sourceTree = "<group>"; };
		DF869EF329DAD5E8002D7C68 /* WidgetEvents.swift */ = {isa = PBXFileReference; fileEncoding = 4; lastKnownFileType = sourcecode.swift; path = WidgetEvents.swift; sourceTree = "<group>"; };
		DF869EF729DAD71A002D7C68 /* ChoiceWidgetOption.swift */ = {isa = PBXFileReference; fileEncoding = 4; lastKnownFileType = sourcecode.swift; path = ChoiceWidgetOption.swift; sourceTree = "<group>"; };
		DF869EF929DAD808002D7C68 /* WidgetDismissedProperties.swift */ = {isa = PBXFileReference; fileEncoding = 4; lastKnownFileType = sourcecode.swift; path = WidgetDismissedProperties.swift; sourceTree = "<group>"; };
		DF869EFB29DAF53E002D7C68 /* InteractiveWidgetTimelineViewDelegate.swift */ = {isa = PBXFileReference; fileEncoding = 4; lastKnownFileType = sourcecode.swift; path = InteractiveWidgetTimelineViewDelegate.swift; sourceTree = "<group>"; };
		DF869F0029DB4625002D7C68 /* CustomTextPollWidgetViewController.swift */ = {isa = PBXFileReference; lastKnownFileType = sourcecode.swift; path = CustomTextPollWidgetViewController.swift; sourceTree = "<group>"; };
		DF869F0229DB467F002D7C68 /* CustomTextChoiceWidgetView.swift */ = {isa = PBXFileReference; lastKnownFileType = sourcecode.swift; path = CustomTextChoiceWidgetView.swift; sourceTree = "<group>"; };
		F0806A8B50EB09E1E9D5D1F2 /* Pods-VerizonLivelikeTests.release.xcconfig */ = {isa = PBXFileReference; includeInIndex = 1; lastKnownFileType = text.xcconfig; name = "Pods-VerizonLivelikeTests.release.xcconfig"; path = "Target Support Files/Pods-VerizonLivelikeTests/Pods-VerizonLivelikeTests.release.xcconfig"; sourceTree = "<group>"; };
		F78E9DCCDB78E601FECCECD7 /* Pods_VerizonLivelikeTests.framework */ = {isa = PBXFileReference; explicitFileType = wrapper.framework; includeInIndex = 0; path = Pods_VerizonLivelikeTests.framework; sourceTree = BUILT_PRODUCTS_DIR; };
/* End PBXFileReference section */

/* Begin PBXFrameworksBuildPhase section */
		DF869EA929DAC7F8002D7C68 /* Frameworks */ = {
			isa = PBXFrameworksBuildPhase;
			buildActionMask = 2147483647;
			files = (
				5C77FF60C6715E7A6BF515E3 /* Pods_VerizonLivelike.framework in Frameworks */,
			);
			runOnlyForDeploymentPostprocessing = 0;
		};
		DF869EBF29DAC7FB002D7C68 /* Frameworks */ = {
			isa = PBXFrameworksBuildPhase;
			buildActionMask = 2147483647;
			files = (
				423E711D920D56F150620A9A /* Pods_VerizonLivelikeTests.framework in Frameworks */,
			);
			runOnlyForDeploymentPostprocessing = 0;
		};
		DF869EC929DAC7FB002D7C68 /* Frameworks */ = {
			isa = PBXFrameworksBuildPhase;
			buildActionMask = 2147483647;
			files = (
				46996BB069FF1571FDB8A627 /* Pods_VerizonLivelike_VerizonLivelikeUITests.framework in Frameworks */,
			);
			runOnlyForDeploymentPostprocessing = 0;
		};
/* End PBXFrameworksBuildPhase section */

/* Begin PBXGroup section */
		54911A63B58477737873BDDB /* Pods */ = {
			isa = PBXGroup;
			children = (
				0308FD2DC7BF48BBBB104ADA /* Pods-VerizonLivelike.debug.xcconfig */,
				AD97EDE51EABA717F640B781 /* Pods-VerizonLivelike.release.xcconfig */,
				1F7F04BDBC6F13292CD9E613 /* Pods-VerizonLivelike-VerizonLivelikeUITests.debug.xcconfig */,
				2DA6FD72AF3E678E2D7A0874 /* Pods-VerizonLivelike-VerizonLivelikeUITests.release.xcconfig */,
				0FA184E36070C319B01FA2E4 /* Pods-VerizonLivelikeTests.debug.xcconfig */,
				F0806A8B50EB09E1E9D5D1F2 /* Pods-VerizonLivelikeTests.release.xcconfig */,
			);
			path = Pods;
			sourceTree = "<group>";
		};
		DF869EA329DAC7F8002D7C68 = {
			isa = PBXGroup;
			children = (
				DF869EAE29DAC7F8002D7C68 /* VerizonLivelike */,
				DF869EC529DAC7FB002D7C68 /* VerizonLivelikeTests */,
				DF869ECF29DAC7FB002D7C68 /* VerizonLivelikeUITests */,
				DF869EAD29DAC7F8002D7C68 /* Products */,
				54911A63B58477737873BDDB /* Pods */,
				FE5483A2A6CB18D795149EED /* Frameworks */,
			);
			sourceTree = "<group>";
		};
		DF869EAD29DAC7F8002D7C68 /* Products */ = {
			isa = PBXGroup;
			children = (
				DF869EAC29DAC7F8002D7C68 /* VerizonLivelike.app */,
				DF869EC229DAC7FB002D7C68 /* VerizonLivelikeTests.xctest */,
				DF869ECC29DAC7FB002D7C68 /* VerizonLivelikeUITests.xctest */,
			);
			name = Products;
			sourceTree = "<group>";
		};
		DF869EAE29DAC7F8002D7C68 /* VerizonLivelike */ = {
			isa = PBXGroup;
			children = (
				DF869EFF29DB443C002D7C68 /* textPoll */,
				DF869EFE29DB3F8E002D7C68 /* cheerMeter */,
				DF869EFD29DB3F5B002D7C68 /* core */,
				DF869EAF29DAC7F8002D7C68 /* AppDelegate.swift */,
				DF869EB129DAC7F8002D7C68 /* SceneDelegate.swift */,
				DF869EB329DAC7F8002D7C68 /* ViewController.swift */,
				DF869EB529DAC7F8002D7C68 /* Main.storyboard */,
				DF869EB829DAC7FB002D7C68 /* Assets.xcassets */,
				DF869EBA29DAC7FB002D7C68 /* LaunchScreen.storyboard */,
				DF869EBD29DAC7FB002D7C68 /* Info.plist */,
			);
			path = VerizonLivelike;
			sourceTree = "<group>";
		};
		DF869EC529DAC7FB002D7C68 /* VerizonLivelikeTests */ = {
			isa = PBXGroup;
			children = (
				DF869EC629DAC7FB002D7C68 /* VerizonLivelikeTests.swift */,
			);
			path = VerizonLivelikeTests;
			sourceTree = "<group>";
		};
		DF869ECF29DAC7FB002D7C68 /* VerizonLivelikeUITests */ = {
			isa = PBXGroup;
			children = (
				DF869ED029DAC7FB002D7C68 /* VerizonLivelikeUITests.swift */,
				DF869ED229DAC7FB002D7C68 /* VerizonLivelikeUITestsLaunchTests.swift */,
			);
			path = VerizonLivelikeUITests;
			sourceTree = "<group>";
		};
		DF869EFD29DB3F5B002D7C68 /* core */ = {
			isa = PBXGroup;
			children = (
				DF869EFB29DAF53E002D7C68 /* InteractiveWidgetTimelineViewDelegate.swift */,
				DF869EF929DAD808002D7C68 /* WidgetDismissedProperties.swift */,
				DF869EF729DAD71A002D7C68 /* ChoiceWidgetOption.swift */,
				DF869EF329DAD5E8002D7C68 /* WidgetEvents.swift */,
				DF869EED29DAD37A002D7C68 /* WidgetOption.swift */,
				DF869EEB29DAD379002D7C68 /* WidgetState.swift */,
				DF869EEC29DAD379002D7C68 /* WidgetViewModel.swift */,
				DF869EE929DAD180002D7C68 /* WidgetView.swift */,
			);
			path = core;
			sourceTree = "<group>";
		};
		DF869EFE29DB3F8E002D7C68 /* cheerMeter */ = {
			isa = PBXGroup;
			children = (
				DF869EE129DACA57002D7C68 /* CheerMeterPowerBar.swift */,
				DF869EDF29DACA56002D7C68 /* CustomCheerMeterWidgetView.swift */,
				DF869EE029DACA56002D7C68 /* CustomCheerMeterWidgetViewController.swift */,
				DF869EE229DACA57002D7C68 /* CustomCheerMeterWinnerView.swift */,
				DF869EE329DACA57002D7C68 /* GradientView.swift */,
			);
			path = cheerMeter;
			sourceTree = "<group>";
		};
		DF869EFF29DB443C002D7C68 /* textPoll */ = {
			isa = PBXGroup;
			children = (
				DF869F0029DB4625002D7C68 /* CustomTextPollWidgetViewController.swift */,
				DF869F0229DB467F002D7C68 /* CustomTextChoiceWidgetView.swift */,
			);
			path = textPoll;
			sourceTree = "<group>";
		};
		FE5483A2A6CB18D795149EED /* Frameworks */ = {
			isa = PBXGroup;
			children = (
				37591AC3256B1D23C4500187 /* Pods_VerizonLivelike.framework */,
				0E2F51F10B45D86B395DDADF /* Pods_VerizonLivelike_VerizonLivelikeUITests.framework */,
				F78E9DCCDB78E601FECCECD7 /* Pods_VerizonLivelikeTests.framework */,
			);
			name = Frameworks;
			sourceTree = "<group>";
		};
/* End PBXGroup section */

/* Begin PBXNativeTarget section */
		DF869EAB29DAC7F8002D7C68 /* VerizonLivelike */ = {
			isa = PBXNativeTarget;
			buildConfigurationList = DF869ED629DAC7FB002D7C68 /* Build configuration list for PBXNativeTarget "VerizonLivelike" */;
			buildPhases = (
				5666162B27358353E7892DEC /* [CP] Check Pods Manifest.lock */,
				DF869EA829DAC7F8002D7C68 /* Sources */,
				DF869EA929DAC7F8002D7C68 /* Frameworks */,
				DF869EAA29DAC7F8002D7C68 /* Resources */,
				BE8080D229378C68DA9C748C /* [CP] Embed Pods Frameworks */,
			);
			buildRules = (
			);
			dependencies = (
			);
			name = VerizonLivelike;
			productName = VerizonLivelike;
			productReference = DF869EAC29DAC7F8002D7C68 /* VerizonLivelike.app */;
			productType = "com.apple.product-type.application";
		};
		DF869EC129DAC7FB002D7C68 /* VerizonLivelikeTests */ = {
			isa = PBXNativeTarget;
			buildConfigurationList = DF869ED929DAC7FB002D7C68 /* Build configuration list for PBXNativeTarget "VerizonLivelikeTests" */;
			buildPhases = (
				1564A9536776CBC591C81E89 /* [CP] Check Pods Manifest.lock */,
				DF869EBE29DAC7FB002D7C68 /* Sources */,
				DF869EBF29DAC7FB002D7C68 /* Frameworks */,
				DF869EC029DAC7FB002D7C68 /* Resources */,
			);
			buildRules = (
			);
			dependencies = (
				DF869EC429DAC7FB002D7C68 /* PBXTargetDependency */,
			);
			name = VerizonLivelikeTests;
			productName = VerizonLivelikeTests;
			productReference = DF869EC229DAC7FB002D7C68 /* VerizonLivelikeTests.xctest */;
			productType = "com.apple.product-type.bundle.unit-test";
		};
		DF869ECB29DAC7FB002D7C68 /* VerizonLivelikeUITests */ = {
			isa = PBXNativeTarget;
			buildConfigurationList = DF869EDC29DAC7FB002D7C68 /* Build configuration list for PBXNativeTarget "VerizonLivelikeUITests" */;
			buildPhases = (
				6DA5F692A5566E18500696F6 /* [CP] Check Pods Manifest.lock */,
				DF869EC829DAC7FB002D7C68 /* Sources */,
				DF869EC929DAC7FB002D7C68 /* Frameworks */,
				DF869ECA29DAC7FB002D7C68 /* Resources */,
				6445CBFC4BE4226EAFDA4034 /* [CP] Embed Pods Frameworks */,
			);
			buildRules = (
			);
			dependencies = (
				DF869ECE29DAC7FB002D7C68 /* PBXTargetDependency */,
			);
			name = VerizonLivelikeUITests;
			productName = VerizonLivelikeUITests;
			productReference = DF869ECC29DAC7FB002D7C68 /* VerizonLivelikeUITests.xctest */;
			productType = "com.apple.product-type.bundle.ui-testing";
		};
/* End PBXNativeTarget section */

/* Begin PBXProject section */
		DF869EA429DAC7F8002D7C68 /* Project object */ = {
			isa = PBXProject;
			attributes = {
				BuildIndependentTargetsInParallel = 1;
				LastSwiftUpdateCheck = 1410;
				LastUpgradeCheck = 1410;
				TargetAttributes = {
					DF869EAB29DAC7F8002D7C68 = {
						CreatedOnToolsVersion = 14.1;
					};
					DF869EC129DAC7FB002D7C68 = {
						CreatedOnToolsVersion = 14.1;
						TestTargetID = DF869EAB29DAC7F8002D7C68;
					};
					DF869ECB29DAC7FB002D7C68 = {
						CreatedOnToolsVersion = 14.1;
						TestTargetID = DF869EAB29DAC7F8002D7C68;
					};
				};
			};
			buildConfigurationList = DF869EA729DAC7F8002D7C68 /* Build configuration list for PBXProject "VerizonLivelike" */;
			compatibilityVersion = "Xcode 14.0";
			developmentRegion = en;
			hasScannedForEncodings = 0;
			knownRegions = (
				en,
				Base,
			);
			mainGroup = DF869EA329DAC7F8002D7C68;
			productRefGroup = DF869EAD29DAC7F8002D7C68 /* Products */;
			projectDirPath = "";
			projectRoot = "";
			targets = (
				DF869EAB29DAC7F8002D7C68 /* VerizonLivelike */,
				DF869EC129DAC7FB002D7C68 /* VerizonLivelikeTests */,
				DF869ECB29DAC7FB002D7C68 /* VerizonLivelikeUITests */,
			);
		};
/* End PBXProject section */

/* Begin PBXResourcesBuildPhase section */
		DF869EAA29DAC7F8002D7C68 /* Resources */ = {
			isa = PBXResourcesBuildPhase;
			buildActionMask = 2147483647;
			files = (
				DF869EBC29DAC7FB002D7C68 /* LaunchScreen.storyboard in Resources */,
				DF869EB929DAC7FB002D7C68 /* Assets.xcassets in Resources */,
				DF869EB729DAC7F8002D7C68 /* Main.storyboard in Resources */,
			);
			runOnlyForDeploymentPostprocessing = 0;
		};
		DF869EC029DAC7FB002D7C68 /* Resources */ = {
			isa = PBXResourcesBuildPhase;
			buildActionMask = 2147483647;
			files = (
			);
			runOnlyForDeploymentPostprocessing = 0;
		};
		DF869ECA29DAC7FB002D7C68 /* Resources */ = {
			isa = PBXResourcesBuildPhase;
			buildActionMask = 2147483647;
			files = (
			);
			runOnlyForDeploymentPostprocessing = 0;
		};
/* End PBXResourcesBuildPhase section */

/* Begin PBXShellScriptBuildPhase section */
		1564A9536776CBC591C81E89 /* [CP] Check Pods Manifest.lock */ = {
			isa = PBXShellScriptBuildPhase;
			buildActionMask = 2147483647;
			files = (
			);
			inputFileListPaths = (
			);
			inputPaths = (
				"${PODS_PODFILE_DIR_PATH}/Podfile.lock",
				"${PODS_ROOT}/Manifest.lock",
			);
			name = "[CP] Check Pods Manifest.lock";
			outputFileListPaths = (
			);
			outputPaths = (
				"$(DERIVED_FILE_DIR)/Pods-VerizonLivelikeTests-checkManifestLockResult.txt",
			);
			runOnlyForDeploymentPostprocessing = 0;
			shellPath = /bin/sh;
			shellScript = "diff \"${PODS_PODFILE_DIR_PATH}/Podfile.lock\" \"${PODS_ROOT}/Manifest.lock\" > /dev/null\nif [ $? != 0 ] ; then\n    # print error to STDERR\n    echo \"error: The sandbox is not in sync with the Podfile.lock. Run 'pod install' or update your CocoaPods installation.\" >&2\n    exit 1\nfi\n# This output is used by Xcode 'outputs' to avoid re-running this script phase.\necho \"SUCCESS\" > \"${SCRIPT_OUTPUT_FILE_0}\"\n";
			showEnvVarsInLog = 0;
		};
		5666162B27358353E7892DEC /* [CP] Check Pods Manifest.lock */ = {
			isa = PBXShellScriptBuildPhase;
			buildActionMask = 2147483647;
			files = (
			);
			inputFileListPaths = (
			);
			inputPaths = (
				"${PODS_PODFILE_DIR_PATH}/Podfile.lock",
				"${PODS_ROOT}/Manifest.lock",
			);
			name = "[CP] Check Pods Manifest.lock";
			outputFileListPaths = (
			);
			outputPaths = (
				"$(DERIVED_FILE_DIR)/Pods-VerizonLivelike-checkManifestLockResult.txt",
			);
			runOnlyForDeploymentPostprocessing = 0;
			shellPath = /bin/sh;
			shellScript = "diff \"${PODS_PODFILE_DIR_PATH}/Podfile.lock\" \"${PODS_ROOT}/Manifest.lock\" > /dev/null\nif [ $? != 0 ] ; then\n    # print error to STDERR\n    echo \"error: The sandbox is not in sync with the Podfile.lock. Run 'pod install' or update your CocoaPods installation.\" >&2\n    exit 1\nfi\n# This output is used by Xcode 'outputs' to avoid re-running this script phase.\necho \"SUCCESS\" > \"${SCRIPT_OUTPUT_FILE_0}\"\n";
			showEnvVarsInLog = 0;
		};
		6445CBFC4BE4226EAFDA4034 /* [CP] Embed Pods Frameworks */ = {
			isa = PBXShellScriptBuildPhase;
			buildActionMask = 2147483647;
			files = (
			);
			inputFileListPaths = (
				"${PODS_ROOT}/Target Support Files/Pods-VerizonLivelike-VerizonLivelikeUITests/Pods-VerizonLivelike-VerizonLivelikeUITests-frameworks-${CONFIGURATION}-input-files.xcfilelist",
			);
			name = "[CP] Embed Pods Frameworks";
			outputFileListPaths = (
				"${PODS_ROOT}/Target Support Files/Pods-VerizonLivelike-VerizonLivelikeUITests/Pods-VerizonLivelike-VerizonLivelikeUITests-frameworks-${CONFIGURATION}-output-files.xcfilelist",
			);
			runOnlyForDeploymentPostprocessing = 0;
			shellPath = /bin/sh;
			shellScript = "\"${PODS_ROOT}/Target Support Files/Pods-VerizonLivelike-VerizonLivelikeUITests/Pods-VerizonLivelike-VerizonLivelikeUITests-frameworks.sh\"\n";
			showEnvVarsInLog = 0;
		};
		6DA5F692A5566E18500696F6 /* [CP] Check Pods Manifest.lock */ = {
			isa = PBXShellScriptBuildPhase;
			buildActionMask = 2147483647;
			files = (
			);
			inputFileListPaths = (
			);
			inputPaths = (
				"${PODS_PODFILE_DIR_PATH}/Podfile.lock",
				"${PODS_ROOT}/Manifest.lock",
			);
			name = "[CP] Check Pods Manifest.lock";
			outputFileListPaths = (
			);
			outputPaths = (
				"$(DERIVED_FILE_DIR)/Pods-VerizonLivelike-VerizonLivelikeUITests-checkManifestLockResult.txt",
			);
			runOnlyForDeploymentPostprocessing = 0;
			shellPath = /bin/sh;
			shellScript = "diff \"${PODS_PODFILE_DIR_PATH}/Podfile.lock\" \"${PODS_ROOT}/Manifest.lock\" > /dev/null\nif [ $? != 0 ] ; then\n    # print error to STDERR\n    echo \"error: The sandbox is not in sync with the Podfile.lock. Run 'pod install' or update your CocoaPods installation.\" >&2\n    exit 1\nfi\n# This output is used by Xcode 'outputs' to avoid re-running this script phase.\necho \"SUCCESS\" > \"${SCRIPT_OUTPUT_FILE_0}\"\n";
			showEnvVarsInLog = 0;
		};
		BE8080D229378C68DA9C748C /* [CP] Embed Pods Frameworks */ = {
			isa = PBXShellScriptBuildPhase;
			buildActionMask = 2147483647;
			files = (
			);
			inputFileListPaths = (
				"${PODS_ROOT}/Target Support Files/Pods-VerizonLivelike/Pods-VerizonLivelike-frameworks-${CONFIGURATION}-input-files.xcfilelist",
			);
			name = "[CP] Embed Pods Frameworks";
			outputFileListPaths = (
				"${PODS_ROOT}/Target Support Files/Pods-VerizonLivelike/Pods-VerizonLivelike-frameworks-${CONFIGURATION}-output-files.xcfilelist",
			);
			runOnlyForDeploymentPostprocessing = 0;
			shellPath = /bin/sh;
			shellScript = "\"${PODS_ROOT}/Target Support Files/Pods-VerizonLivelike/Pods-VerizonLivelike-frameworks.sh\"\n";
			showEnvVarsInLog = 0;
		};
/* End PBXShellScriptBuildPhase section */

/* Begin PBXSourcesBuildPhase section */
		DF869EA829DAC7F8002D7C68 /* Sources */ = {
			isa = PBXSourcesBuildPhase;
			buildActionMask = 2147483647;
			files = (
				DF869F0329DB467F002D7C68 /* CustomTextChoiceWidgetView.swift in Sources */,
				DF869EB429DAC7F8002D7C68 /* ViewController.swift in Sources */,
				DF869EE729DACA57002D7C68 /* CustomCheerMeterWinnerView.swift in Sources */,
				DF869EE629DACA57002D7C68 /* CheerMeterPowerBar.swift in Sources */,
				DF869EFA29DAD808002D7C68 /* WidgetDismissedProperties.swift in Sources */,
				DF869EB029DAC7F8002D7C68 /* AppDelegate.swift in Sources */,
				DF869EFC29DAF53E002D7C68 /* InteractiveWidgetTimelineViewDelegate.swift in Sources */,
				DF869EF429DAD5E8002D7C68 /* WidgetEvents.swift in Sources */,
				DF869EE529DACA57002D7C68 /* CustomCheerMeterWidgetViewController.swift in Sources */,
				DF869EE429DACA57002D7C68 /* CustomCheerMeterWidgetView.swift in Sources */,
				DF869F0129DB4625002D7C68 /* CustomTextPollWidgetViewController.swift in Sources */,
				DF869EF029DAD37A002D7C68 /* WidgetOption.swift in Sources */,
				DF869EEA29DAD180002D7C68 /* WidgetView.swift in Sources */,
				DF869EEF29DAD37A002D7C68 /* WidgetViewModel.swift in Sources */,
				DF869EEE29DAD37A002D7C68 /* WidgetState.swift in Sources */,
				DF869EF829DAD71A002D7C68 /* ChoiceWidgetOption.swift in Sources */,
				DF869EE829DACA57002D7C68 /* GradientView.swift in Sources */,
				DF869EB229DAC7F8002D7C68 /* SceneDelegate.swift in Sources */,
			);
			runOnlyForDeploymentPostprocessing = 0;
		};
		DF869EBE29DAC7FB002D7C68 /* Sources */ = {
			isa = PBXSourcesBuildPhase;
			buildActionMask = 2147483647;
			files = (
				DF869EC729DAC7FB002D7C68 /* VerizonLivelikeTests.swift in Sources */,
			);
			runOnlyForDeploymentPostprocessing = 0;
		};
		DF869EC829DAC7FB002D7C68 /* Sources */ = {
			isa = PBXSourcesBuildPhase;
			buildActionMask = 2147483647;
			files = (
				DF869ED129DAC7FB002D7C68 /* VerizonLivelikeUITests.swift in Sources */,
				DF869ED329DAC7FB002D7C68 /* VerizonLivelikeUITestsLaunchTests.swift in Sources */,
			);
			runOnlyForDeploymentPostprocessing = 0;
		};
/* End PBXSourcesBuildPhase section */

/* Begin PBXTargetDependency section */
		DF869EC429DAC7FB002D7C68 /* PBXTargetDependency */ = {
			isa = PBXTargetDependency;
			target = DF869EAB29DAC7F8002D7C68 /* VerizonLivelike */;
			targetProxy = DF869EC329DAC7FB002D7C68 /* PBXContainerItemProxy */;
		};
		DF869ECE29DAC7FB002D7C68 /* PBXTargetDependency */ = {
			isa = PBXTargetDependency;
			target = DF869EAB29DAC7F8002D7C68 /* VerizonLivelike */;
			targetProxy = DF869ECD29DAC7FB002D7C68 /* PBXContainerItemProxy */;
		};
/* End PBXTargetDependency section */

/* Begin PBXVariantGroup section */
		DF869EB529DAC7F8002D7C68 /* Main.storyboard */ = {
			isa = PBXVariantGroup;
			children = (
				DF869EB629DAC7F8002D7C68 /* Base */,
			);
			name = Main.storyboard;
			sourceTree = "<group>";
		};
		DF869EBA29DAC7FB002D7C68 /* LaunchScreen.storyboard */ = {
			isa = PBXVariantGroup;
			children = (
				DF869EBB29DAC7FB002D7C68 /* Base */,
			);
			name = LaunchScreen.storyboard;
			sourceTree = "<group>";
		};
/* End PBXVariantGroup section */

/* Begin XCBuildConfiguration section */
		DF869ED429DAC7FB002D7C68 /* Debug */ = {
			isa = XCBuildConfiguration;
			buildSettings = {
				ALWAYS_SEARCH_USER_PATHS = NO;
				CLANG_ANALYZER_NONNULL = YES;
				CLANG_ANALYZER_NUMBER_OBJECT_CONVERSION = YES_AGGRESSIVE;
				CLANG_CXX_LANGUAGE_STANDARD = "gnu++20";
				CLANG_ENABLE_MODULES = YES;
				CLANG_ENABLE_OBJC_ARC = YES;
				CLANG_ENABLE_OBJC_WEAK = YES;
				CLANG_WARN_BLOCK_CAPTURE_AUTORELEASING = YES;
				CLANG_WARN_BOOL_CONVERSION = YES;
				CLANG_WARN_COMMA = YES;
				CLANG_WARN_CONSTANT_CONVERSION = YES;
				CLANG_WARN_DEPRECATED_OBJC_IMPLEMENTATIONS = YES;
				CLANG_WARN_DIRECT_OBJC_ISA_USAGE = YES_ERROR;
				CLANG_WARN_DOCUMENTATION_COMMENTS = YES;
				CLANG_WARN_EMPTY_BODY = YES;
				CLANG_WARN_ENUM_CONVERSION = YES;
				CLANG_WARN_INFINITE_RECURSION = YES;
				CLANG_WARN_INT_CONVERSION = YES;
				CLANG_WARN_NON_LITERAL_NULL_CONVERSION = YES;
				CLANG_WARN_OBJC_IMPLICIT_RETAIN_SELF = YES;
				CLANG_WARN_OBJC_LITERAL_CONVERSION = YES;
				CLANG_WARN_OBJC_ROOT_CLASS = YES_ERROR;
				CLANG_WARN_QUOTED_INCLUDE_IN_FRAMEWORK_HEADER = YES;
				CLANG_WARN_RANGE_LOOP_ANALYSIS = YES;
				CLANG_WARN_STRICT_PROTOTYPES = YES;
				CLANG_WARN_SUSPICIOUS_MOVE = YES;
				CLANG_WARN_UNGUARDED_AVAILABILITY = YES_AGGRESSIVE;
				CLANG_WARN_UNREACHABLE_CODE = YES;
				CLANG_WARN__DUPLICATE_METHOD_MATCH = YES;
				COPY_PHASE_STRIP = NO;
				DEBUG_INFORMATION_FORMAT = dwarf;
				ENABLE_STRICT_OBJC_MSGSEND = YES;
				ENABLE_TESTABILITY = YES;
				GCC_C_LANGUAGE_STANDARD = gnu11;
				GCC_DYNAMIC_NO_PIC = NO;
				GCC_NO_COMMON_BLOCKS = YES;
				GCC_OPTIMIZATION_LEVEL = 0;
				GCC_PREPROCESSOR_DEFINITIONS = (
					"DEBUG=1",
					"$(inherited)",
				);
				GCC_WARN_64_TO_32_BIT_CONVERSION = YES;
				GCC_WARN_ABOUT_RETURN_TYPE = YES_ERROR;
				GCC_WARN_UNDECLARED_SELECTOR = YES;
				GCC_WARN_UNINITIALIZED_AUTOS = YES_AGGRESSIVE;
				GCC_WARN_UNUSED_FUNCTION = YES;
				GCC_WARN_UNUSED_VARIABLE = YES;
				IPHONEOS_DEPLOYMENT_TARGET = 16.1;
				MTL_ENABLE_DEBUG_INFO = INCLUDE_SOURCE;
				MTL_FAST_MATH = YES;
				ONLY_ACTIVE_ARCH = YES;
				SDKROOT = iphoneos;
				SWIFT_ACTIVE_COMPILATION_CONDITIONS = DEBUG;
				SWIFT_OPTIMIZATION_LEVEL = "-Onone";
			};
			name = Debug;
		};
		DF869ED529DAC7FB002D7C68 /* Release */ = {
			isa = XCBuildConfiguration;
			buildSettings = {
				ALWAYS_SEARCH_USER_PATHS = NO;
				CLANG_ANALYZER_NONNULL = YES;
				CLANG_ANALYZER_NUMBER_OBJECT_CONVERSION = YES_AGGRESSIVE;
				CLANG_CXX_LANGUAGE_STANDARD = "gnu++20";
				CLANG_ENABLE_MODULES = YES;
				CLANG_ENABLE_OBJC_ARC = YES;
				CLANG_ENABLE_OBJC_WEAK = YES;
				CLANG_WARN_BLOCK_CAPTURE_AUTORELEASING = YES;
				CLANG_WARN_BOOL_CONVERSION = YES;
				CLANG_WARN_COMMA = YES;
				CLANG_WARN_CONSTANT_CONVERSION = YES;
				CLANG_WARN_DEPRECATED_OBJC_IMPLEMENTATIONS = YES;
				CLANG_WARN_DIRECT_OBJC_ISA_USAGE = YES_ERROR;
				CLANG_WARN_DOCUMENTATION_COMMENTS = YES;
				CLANG_WARN_EMPTY_BODY = YES;
				CLANG_WARN_ENUM_CONVERSION = YES;
				CLANG_WARN_INFINITE_RECURSION = YES;
				CLANG_WARN_INT_CONVERSION = YES;
				CLANG_WARN_NON_LITERAL_NULL_CONVERSION = YES;
				CLANG_WARN_OBJC_IMPLICIT_RETAIN_SELF = YES;
				CLANG_WARN_OBJC_LITERAL_CONVERSION = YES;
				CLANG_WARN_OBJC_ROOT_CLASS = YES_ERROR;
				CLANG_WARN_QUOTED_INCLUDE_IN_FRAMEWORK_HEADER = YES;
				CLANG_WARN_RANGE_LOOP_ANALYSIS = YES;
				CLANG_WARN_STRICT_PROTOTYPES = YES;
				CLANG_WARN_SUSPICIOUS_MOVE = YES;
				CLANG_WARN_UNGUARDED_AVAILABILITY = YES_AGGRESSIVE;
				CLANG_WARN_UNREACHABLE_CODE = YES;
				CLANG_WARN__DUPLICATE_METHOD_MATCH = YES;
				COPY_PHASE_STRIP = NO;
				DEBUG_INFORMATION_FORMAT = "dwarf-with-dsym";
				ENABLE_NS_ASSERTIONS = NO;
				ENABLE_STRICT_OBJC_MSGSEND = YES;
				GCC_C_LANGUAGE_STANDARD = gnu11;
				GCC_NO_COMMON_BLOCKS = YES;
				GCC_WARN_64_TO_32_BIT_CONVERSION = YES;
				GCC_WARN_ABOUT_RETURN_TYPE = YES_ERROR;
				GCC_WARN_UNDECLARED_SELECTOR = YES;
				GCC_WARN_UNINITIALIZED_AUTOS = YES_AGGRESSIVE;
				GCC_WARN_UNUSED_FUNCTION = YES;
				GCC_WARN_UNUSED_VARIABLE = YES;
				IPHONEOS_DEPLOYMENT_TARGET = 16.1;
				MTL_ENABLE_DEBUG_INFO = NO;
				MTL_FAST_MATH = YES;
				SDKROOT = iphoneos;
				SWIFT_COMPILATION_MODE = wholemodule;
				SWIFT_OPTIMIZATION_LEVEL = "-O";
				VALIDATE_PRODUCT = YES;
			};
			name = Release;
		};
		DF869ED729DAC7FB002D7C68 /* Debug */ = {
			isa = XCBuildConfiguration;
			baseConfigurationReference = 0308FD2DC7BF48BBBB104ADA /* Pods-VerizonLivelike.debug.xcconfig */;
			buildSettings = {
				ASSETCATALOG_COMPILER_APPICON_NAME = AppIcon;
				ASSETCATALOG_COMPILER_GLOBAL_ACCENT_COLOR_NAME = AccentColor;
				CODE_SIGN_STYLE = Automatic;
				CURRENT_PROJECT_VERSION = 1;
				GENERATE_INFOPLIST_FILE = YES;
				INFOPLIST_FILE = VerizonLivelike/Info.plist;
				INFOPLIST_KEY_UIApplicationSupportsIndirectInputEvents = YES;
				INFOPLIST_KEY_UILaunchStoryboardName = LaunchScreen;
				INFOPLIST_KEY_UIMainStoryboardFile = Main;
				INFOPLIST_KEY_UISupportedInterfaceOrientations_iPad = "UIInterfaceOrientationPortrait UIInterfaceOrientationPortraitUpsideDown UIInterfaceOrientationLandscapeLeft UIInterfaceOrientationLandscapeRight";
				INFOPLIST_KEY_UISupportedInterfaceOrientations_iPhone = "UIInterfaceOrientationPortrait UIInterfaceOrientationLandscapeLeft UIInterfaceOrientationLandscapeRight";
				LD_RUNPATH_SEARCH_PATHS = (
					"$(inherited)",
					"@executable_path/Frameworks",
				);
				MARKETING_VERSION = 1.0;
				PRODUCT_BUNDLE_IDENTIFIER = livelike.VerizonLivelike;
				PRODUCT_NAME = "$(TARGET_NAME)";
				SWIFT_EMIT_LOC_STRINGS = YES;
				SWIFT_VERSION = 5.0;
				TARGETED_DEVICE_FAMILY = "1,2";
			};
			name = Debug;
		};
		DF869ED829DAC7FB002D7C68 /* Release */ = {
			isa = XCBuildConfiguration;
			baseConfigurationReference = AD97EDE51EABA717F640B781 /* Pods-VerizonLivelike.release.xcconfig */;
			buildSettings = {
				ASSETCATALOG_COMPILER_APPICON_NAME = AppIcon;
				ASSETCATALOG_COMPILER_GLOBAL_ACCENT_COLOR_NAME = AccentColor;
				CODE_SIGN_STYLE = Automatic;
				CURRENT_PROJECT_VERSION = 1;
				GENERATE_INFOPLIST_FILE = YES;
				INFOPLIST_FILE = VerizonLivelike/Info.plist;
				INFOPLIST_KEY_UIApplicationSupportsIndirectInputEvents = YES;
				INFOPLIST_KEY_UILaunchStoryboardName = LaunchScreen;
				INFOPLIST_KEY_UIMainStoryboardFile = Main;
				INFOPLIST_KEY_UISupportedInterfaceOrientations_iPad = "UIInterfaceOrientationPortrait UIInterfaceOrientationPortraitUpsideDown UIInterfaceOrientationLandscapeLeft UIInterfaceOrientationLandscapeRight";
				INFOPLIST_KEY_UISupportedInterfaceOrientations_iPhone = "UIInterfaceOrientationPortrait UIInterfaceOrientationLandscapeLeft UIInterfaceOrientationLandscapeRight";
				LD_RUNPATH_SEARCH_PATHS = (
					"$(inherited)",
					"@executable_path/Frameworks",
				);
				MARKETING_VERSION = 1.0;
				PRODUCT_BUNDLE_IDENTIFIER = livelike.VerizonLivelike;
				PRODUCT_NAME = "$(TARGET_NAME)";
				SWIFT_EMIT_LOC_STRINGS = YES;
				SWIFT_VERSION = 5.0;
				TARGETED_DEVICE_FAMILY = "1,2";
			};
			name = Release;
		};
		DF869EDA29DAC7FB002D7C68 /* Debug */ = {
			isa = XCBuildConfiguration;
			baseConfigurationReference = 0FA184E36070C319B01FA2E4 /* Pods-VerizonLivelikeTests.debug.xcconfig */;
			buildSettings = {
				ALWAYS_EMBED_SWIFT_STANDARD_LIBRARIES = YES;
				BUNDLE_LOADER = "$(TEST_HOST)";
				CODE_SIGN_STYLE = Automatic;
				CURRENT_PROJECT_VERSION = 1;
				GENERATE_INFOPLIST_FILE = YES;
				IPHONEOS_DEPLOYMENT_TARGET = 16.1;
				MARKETING_VERSION = 1.0;
				PRODUCT_BUNDLE_IDENTIFIER = livelike.VerizonLivelikeTests;
				PRODUCT_NAME = "$(TARGET_NAME)";
				SWIFT_EMIT_LOC_STRINGS = NO;
				SWIFT_VERSION = 5.0;
				TARGETED_DEVICE_FAMILY = "1,2";
				TEST_HOST = "$(BUILT_PRODUCTS_DIR)/VerizonLivelike.app/$(BUNDLE_EXECUTABLE_FOLDER_PATH)/VerizonLivelike";
			};
			name = Debug;
		};
		DF869EDB29DAC7FB002D7C68 /* Release */ = {
			isa = XCBuildConfiguration;
			baseConfigurationReference = F0806A8B50EB09E1E9D5D1F2 /* Pods-VerizonLivelikeTests.release.xcconfig */;
			buildSettings = {
				ALWAYS_EMBED_SWIFT_STANDARD_LIBRARIES = YES;
				BUNDLE_LOADER = "$(TEST_HOST)";
				CODE_SIGN_STYLE = Automatic;
				CURRENT_PROJECT_VERSION = 1;
				GENERATE_INFOPLIST_FILE = YES;
				IPHONEOS_DEPLOYMENT_TARGET = 16.1;
				MARKETING_VERSION = 1.0;
				PRODUCT_BUNDLE_IDENTIFIER = livelike.VerizonLivelikeTests;
				PRODUCT_NAME = "$(TARGET_NAME)";
				SWIFT_EMIT_LOC_STRINGS = NO;
				SWIFT_VERSION = 5.0;
				TARGETED_DEVICE_FAMILY = "1,2";
				TEST_HOST = "$(BUILT_PRODUCTS_DIR)/VerizonLivelike.app/$(BUNDLE_EXECUTABLE_FOLDER_PATH)/VerizonLivelike";
			};
			name = Release;
		};
		DF869EDD29DAC7FB002D7C68 /* Debug */ = {
			isa = XCBuildConfiguration;
			baseConfigurationReference = 1F7F04BDBC6F13292CD9E613 /* Pods-VerizonLivelike-VerizonLivelikeUITests.debug.xcconfig */;
			buildSettings = {
				ALWAYS_EMBED_SWIFT_STANDARD_LIBRARIES = YES;
				CODE_SIGN_STYLE = Automatic;
				CURRENT_PROJECT_VERSION = 1;
				GENERATE_INFOPLIST_FILE = YES;
				MARKETING_VERSION = 1.0;
				PRODUCT_BUNDLE_IDENTIFIER = livelike.VerizonLivelikeUITests;
				PRODUCT_NAME = "$(TARGET_NAME)";
				SWIFT_EMIT_LOC_STRINGS = NO;
				SWIFT_VERSION = 5.0;
				TARGETED_DEVICE_FAMILY = "1,2";
				TEST_TARGET_NAME = VerizonLivelike;
			};
			name = Debug;
		};
		DF869EDE29DAC7FB002D7C68 /* Release */ = {
			isa = XCBuildConfiguration;
			baseConfigurationReference = 2DA6FD72AF3E678E2D7A0874 /* Pods-VerizonLivelike-VerizonLivelikeUITests.release.xcconfig */;
			buildSettings = {
				ALWAYS_EMBED_SWIFT_STANDARD_LIBRARIES = YES;
				CODE_SIGN_STYLE = Automatic;
				CURRENT_PROJECT_VERSION = 1;
				GENERATE_INFOPLIST_FILE = YES;
				MARKETING_VERSION = 1.0;
				PRODUCT_BUNDLE_IDENTIFIER = livelike.VerizonLivelikeUITests;
				PRODUCT_NAME = "$(TARGET_NAME)";
				SWIFT_EMIT_LOC_STRINGS = NO;
				SWIFT_VERSION = 5.0;
				TARGETED_DEVICE_FAMILY = "1,2";
				TEST_TARGET_NAME = VerizonLivelike;
			};
			name = Release;
		};
/* End XCBuildConfiguration section */

/* Begin XCConfigurationList section */
		DF869EA729DAC7F8002D7C68 /* Build configuration list for PBXProject "VerizonLivelike" */ = {
			isa = XCConfigurationList;
			buildConfigurations = (
				DF869ED429DAC7FB002D7C68 /* Debug */,
				DF869ED529DAC7FB002D7C68 /* Release */,
			);
			defaultConfigurationIsVisible = 0;
			defaultConfigurationName = Release;
		};
		DF869ED629DAC7FB002D7C68 /* Build configuration list for PBXNativeTarget "VerizonLivelike" */ = {
			isa = XCConfigurationList;
			buildConfigurations = (
				DF869ED729DAC7FB002D7C68 /* Debug */,
				DF869ED829DAC7FB002D7C68 /* Release */,
			);
			defaultConfigurationIsVisible = 0;
			defaultConfigurationName = Release;
		};
		DF869ED929DAC7FB002D7C68 /* Build configuration list for PBXNativeTarget "VerizonLivelikeTests" */ = {
			isa = XCConfigurationList;
			buildConfigurations = (
				DF869EDA29DAC7FB002D7C68 /* Debug */,
				DF869EDB29DAC7FB002D7C68 /* Release */,
			);
			defaultConfigurationIsVisible = 0;
			defaultConfigurationName = Release;
		};
		DF869EDC29DAC7FB002D7C68 /* Build configuration list for PBXNativeTarget "VerizonLivelikeUITests" */ = {
			isa = XCConfigurationList;
			buildConfigurations = (
				DF869EDD29DAC7FB002D7C68 /* Debug */,
				DF869EDE29DAC7FB002D7C68 /* Release */,
			);
			defaultConfigurationIsVisible = 0;
			defaultConfigurationName = Release;
		};
/* End XCConfigurationList section */
	};
	rootObject = DF869EA429DAC7F8002D7C68 /* Project object */;
}
