// !$*UTF8*$!
{
	archiveVersion = 1;
	classes = {
	};
	objectVersion = 56;
	objects = {

/* Begin PBXBuildFile section */
		DF869EB029DAC7F8002D7C68 /* AppDelegate.swift in Sources */ = {isa = PBXBuildFile; fileRef = DF869EAF29DAC7F8002D7C68 /* AppDelegate.swift */; };
		DF869EB229DAC7F8002D7C68 /* SceneDelegate.swift in Sources */ = {isa = PBXBuildFile; fileRef = DF869EB129DAC7F8002D7C68 /* SceneDelegate.swift */; };
		DF869EB429DAC7F8002D7C68 /* ViewController.swift in Sources */ = {isa = PBXBuildFile; fileRef = DF869EB329DAC7F8002D7C68 /* ViewController.swift */; };
		DF869EB729DAC7F8002D7C68 /* Main.storyboard in Resources */ = {isa = PBXBuildFile; fileRef = DF869EB529DAC7F8002D7C68 /* Main.storyboard */; };
		DF869EB929DAC7FB002D7C68 /* Assets.xcassets in Resources */ = {isa = PBXBuildFile; fileRef = DF869EB829DAC7FB002D7C68 /* Assets.xcassets */; };
		DF869EBC29DAC7FB002D7C68 /* LaunchScreen.storyboard in Resources */ = {isa = PBXBuildFile; fileRef = DF869EBA29DAC7FB002D7C68 /* LaunchScreen.storyboard */; };
		DF869EC729DAC7FB002D7C68 /* VerizonLivelikeTests.swift in Sources */ = {isa = PBXBuildFile; fileRef = DF869EC629DAC7FB002D7C68 /* VerizonLivelikeTests.swift */; };
		DF869ED129DAC7FB002D7C68 /* VerizonLivelikeUITests.swift in Sources */ = {isa = PBXBuildFile; fileRef = DF869ED029DAC7FB002D7C68 /* VerizonLivelikeUITests.swift */; };
		DF869ED329DAC7FB002D7C68 /* VerizonLivelikeUITestsLaunchTests.swift in Sources */ = {isa = PBXBuildFile; fileRef = DF869ED229DAC7FB002D7C68 /* VerizonLivelikeUITestsLaunchTests.swift */; };
/* End PBXBuildFile section */

/* Begin PBXContainerItemProxy section */
		DF869EC329DAC7FB002D7C68 /* PBXContainerItemProxy */ = {
			isa = PBXContainerItemProxy;
			containerPortal = DF869EA429DAC7F8002D7C68 /* Project object */;
			proxyType = 1;
			remoteGlobalIDString = DF869EAB29DAC7F8002D7C68;
			remoteInfo = VerizonLivelike;
		};
		DF869ECD29DAC7FB002D7C68 /* PBXContainerItemProxy */ = {
			isa = PBXContainerItemProxy;
			containerPortal = DF869EA429DAC7F8002D7C68 /* Project object */;
			proxyType = 1;
			remoteGlobalIDString = DF869EAB29DAC7F8002D7C68;
			remoteInfo = VerizonLivelike;
		};
/* End PBXContainerItemProxy section */

/* Begin PBXFileReference section */
		DF869EAC29DAC7F8002D7C68 /* VerizonLivelike.app */ = {isa = PBXFileReference; explicitFileType = wrapper.application; includeInIndex = 0; path = VerizonLivelike.app; sourceTree = BUILT_PRODUCTS_DIR; };
		DF869EAF29DAC7F8002D7C68 /* AppDelegate.swift */ = {isa = PBXFileReference; lastKnownFileType = sourcecode.swift; path = AppDelegate.swift; sourceTree = "<group>"; };
		DF869EB129DAC7F8002D7C68 /* SceneDelegate.swift */ = {isa = PBXFileReference; lastKnownFileType = sourcecode.swift; path = SceneDelegate.swift; sourceTree = "<group>"; };
		DF869EB329DAC7F8002D7C68 /* ViewController.swift */ = {isa = PBXFileReference; lastKnownFileType = sourcecode.swift; path = ViewController.swift; sourceTree = "<group>"; };
		DF869EB629DAC7F8002D7C68 /* Base */ = {isa = PBXFileReference; lastKnownFileType = file.storyboard; name = Base; path = Base.lproj/Main.storyboard; sourceTree = "<group>"; };
		DF869EB829DAC7FB002D7C68 /* Assets.xcassets */ = {isa = PBXFileReference; lastKnownFileType = folder.assetcatalog; path = Assets.xcassets; sourceTree = "<group>"; };
		DF869EBB29DAC7FB002D7C68 /* Base */ = {isa = PBXFileReference; lastKnownFileType = file.storyboard; name = Base; path = Base.lproj/LaunchScreen.storyboard; sourceTree = "<group>"; };
		DF869EBD29DAC7FB002D7C68 /* Info.plist */ = {isa = PBXFileReference; lastKnownFileType = text.plist.xml; path = Info.plist; sourceTree = "<group>"; };
		DF869EC229DAC7FB002D7C68 /* VerizonLivelikeTests.xctest */ = {isa = PBXFileReference; explicitFileType = wrapper.cfbundle; includeInIndex = 0; path = VerizonLivelikeTests.xctest; sourceTree = BUILT_PRODUCTS_DIR; };
		DF869EC629DAC7FB002D7C68 /* VerizonLivelikeTests.swift */ = {isa = PBXFileReference; lastKnownFileType = sourcecode.swift; path = VerizonLivelikeTests.swift; sourceTree = "<group>"; };
		DF869ECC29DAC7FB002D7C68 /* VerizonLivelikeUITests.xctest */ = {isa = PBXFileReference; explicitFileType = wrapper.cfbundle; includeInIndex = 0; path = VerizonLivelikeUITests.xctest; sourceTree = BUILT_PRODUCTS_DIR; };
		DF869ED029DAC7FB002D7C68 /* VerizonLivelikeUITests.swift */ = {isa = PBXFileReference; lastKnownFileType = sourcecode.swift; path = VerizonLivelikeUITests.swift; sourceTree = "<group>"; };
		DF869ED229DAC7FB002D7C68 /* VerizonLivelikeUITestsLaunchTests.swift */ = {isa = PBXFileReference; lastKnownFileType = sourcecode.swift; path = VerizonLivelikeUITestsLaunchTests.swift; sourceTree = "<group>"; };
/* End PBXFileReference section */

/* Begin PBXFrameworksBuildPhase section */
		DF869EA929DAC7F8002D7C68 /* Frameworks */ = {
			isa = PBXFrameworksBuildPhase;
			buildActionMask = 2147483647;
			files = (
			);
			runOnlyForDeploymentPostprocessing = 0;
		};
		DF869EBF29DAC7FB002D7C68 /* Frameworks */ = {
			isa = PBXFrameworksBuildPhase;
			buildActionMask = 2147483647;
			files = (
			);
			runOnlyForDeploymentPostprocessing = 0;
		};
		DF869EC929DAC7FB002D7C68 /* Frameworks */ = {
			isa = PBXFrameworksBuildPhase;
			buildActionMask = 2147483647;
			files = (
			);
			runOnlyForDeploymentPostprocessing = 0;
		};
/* End PBXFrameworksBuildPhase section */

/* Begin PBXGroup section */
		DF869EA329DAC7F8002D7C68 = {
			isa = PBXGroup;
			children = (
				DF869EAE29DAC7F8002D7C68 /* VerizonLivelike */,
				DF869EC529DAC7FB002D7C68 /* VerizonLivelikeTests */,
				DF869ECF29DAC7FB002D7C68 /* VerizonLivelikeUITests */,
				DF869EAD29DAC7F8002D7C68 /* Products */,
			);
			sourceTree = "<group>";
		};
		DF869EAD29DAC7F8002D7C68 /* Products */ = {
			isa = PBXGroup;
			children = (
				DF869EAC29DAC7F8002D7C68 /* VerizonLivelike.app */,
				DF869EC229DAC7FB002D7C68 /* VerizonLivelikeTests.xctest */,
				DF869ECC29DAC7FB002D7C68 /* VerizonLivelikeUITests.xctest */,
			);
			name = Products;
			sourceTree = "<group>";
		};
		DF869EAE29DAC7F8002D7C68 /* VerizonLivelike */ = {
			isa = PBXGroup;
			children = (
				DF869EAF29DAC7F8002D7C68 /* AppDelegate.swift */,
				DF869EB129DAC7F8002D7C68 /* SceneDelegate.swift */,
				DF869EB329DAC7F8002D7C68 /* ViewController.swift */,
				DF869EB529DAC7F8002D7C68 /* Main.storyboard */,
				DF869EB829DAC7FB002D7C68 /* Assets.xcassets */,
				DF869EBA29DAC7FB002D7C68 /* LaunchScreen.storyboard */,
				DF869EBD29DAC7FB002D7C68 /* Info.plist */,
			);
			path = VerizonLivelike;
			sourceTree = "<group>";
		};
		DF869EC529DAC7FB002D7C68 /* VerizonLivelikeTests */ = {
			isa = PBXGroup;
			children = (
				DF869EC629DAC7FB002D7C68 /* VerizonLivelikeTests.swift */,
			);
			path = VerizonLivelikeTests;
			sourceTree = "<group>";
		};
		DF869ECF29DAC7FB002D7C68 /* VerizonLivelikeUITests */ = {
			isa = PBXGroup;
			children = (
				DF869ED029DAC7FB002D7C68 /* VerizonLivelikeUITests.swift */,
				DF869ED229DAC7FB002D7C68 /* VerizonLivelikeUITestsLaunchTests.swift */,
			);
			path = VerizonLivelikeUITests;
			sourceTree = "<group>";
		};
/* End PBXGroup section */

/* Begin PBXNativeTarget section */
		DF869EAB29DAC7F8002D7C68 /* VerizonLivelike */ = {
			isa = PBXNativeTarget;
			buildConfigurationList = DF869ED629DAC7FB002D7C68 /* Build configuration list for PBXNativeTarget "VerizonLivelike" */;
			buildPhases = (
				DF869EA829DAC7F8002D7C68 /* Sources */,
				DF869EA929DAC7F8002D7C68 /* Frameworks */,
				DF869EAA29DAC7F8002D7C68 /* Resources */,
			);
			buildRules = (
			);
			dependencies = (
			);
			name = VerizonLivelike;
			productName = VerizonLivelike;
			productReference = DF869EAC29DAC7F8002D7C68 /* VerizonLivelike.app */;
			productType = "com.apple.product-type.application";
		};
		DF869EC129DAC7FB002D7C68 /* VerizonLivelikeTests */ = {
			isa = PBXNativeTarget;
			buildConfigurationList = DF869ED929DAC7FB002D7C68 /* Build configuration list for PBXNativeTarget "VerizonLivelikeTests" */;
			buildPhases = (
				DF869EBE29DAC7FB002D7C68 /* Sources */,
				DF869EBF29DAC7FB002D7C68 /* Frameworks */,
				DF869EC029DAC7FB002D7C68 /* Resources */,
			);
			buildRules = (
			);
			dependencies = (
				DF869EC429DAC7FB002D7C68 /* PBXTargetDependency */,
			);
			name = VerizonLivelikeTests;
			productName = VerizonLivelikeTests;
			productReference = DF869EC229DAC7FB002D7C68 /* VerizonLivelikeTests.xctest */;
			productType = "com.apple.product-type.bundle.unit-test";
		};
		DF869ECB29DAC7FB002D7C68 /* VerizonLivelikeUITests */ = {
			isa = PBXNativeTarget;
			buildConfigurationList = DF869EDC29DAC7FB002D7C68 /* Build configuration list for PBXNativeTarget "VerizonLivelikeUITests" */;
			buildPhases = (
				DF869EC829DAC7FB002D7C68 /* Sources */,
				DF869EC929DAC7FB002D7C68 /* Frameworks */,
				DF869ECA29DAC7FB002D7C68 /* Resources */,
			);
			buildRules = (
			);
			dependencies = (
				DF869ECE29DAC7FB002D7C68 /* PBXTargetDependency */,
			);
			name = VerizonLivelikeUITests;
			productName = VerizonLivelikeUITests;
			productReference = DF869ECC29DAC7FB002D7C68 /* VerizonLivelikeUITests.xctest */;
			productType = "com.apple.product-type.bundle.ui-testing";
		};
/* End PBXNativeTarget section */

/* Begin PBXProject section */
		DF869EA429DAC7F8002D7C68 /* Project object */ = {
			isa = PBXProject;
			attributes = {
				BuildIndependentTargetsInParallel = 1;
				LastSwiftUpdateCheck = 1410;
				LastUpgradeCheck = 1410;
				TargetAttributes = {
					DF869EAB29DAC7F8002D7C68 = {
						CreatedOnToolsVersion = 14.1;
					};
					DF869EC129DAC7FB002D7C68 = {
						CreatedOnToolsVersion = 14.1;
						TestTargetID = DF869EAB29DAC7F8002D7C68;
					};
					DF869ECB29DAC7FB002D7C68 = {
						CreatedOnToolsVersion = 14.1;
						TestTargetID = DF869EAB29DAC7F8002D7C68;
					};
				};
			};
			buildConfigurationList = DF869EA729DAC7F8002D7C68 /* Build configuration list for PBXProject "VerizonLivelike" */;
			compatibilityVersion = "Xcode 14.0";
			developmentRegion = en;
			hasScannedForEncodings = 0;
			knownRegions = (
				en,
				Base,
			);
			mainGroup = DF869EA329DAC7F8002D7C68;
			productRefGroup = DF869EAD29DAC7F8002D7C68 /* Products */;
			projectDirPath = "";
			projectRoot = "";
			targets = (
				DF869EAB29DAC7F8002D7C68 /* VerizonLivelike */,
				DF869EC129DAC7FB002D7C68 /* VerizonLivelikeTests */,
				DF869ECB29DAC7FB002D7C68 /* VerizonLivelikeUITests */,
			);
		};
/* End PBXProject section */

/* Begin PBXResourcesBuildPhase section */
		DF869EAA29DAC7F8002D7C68 /* Resources */ = {
			isa = PBXResourcesBuildPhase;
			buildActionMask = 2147483647;
			files = (
				DF869EBC29DAC7FB002D7C68 /* LaunchScreen.storyboard in Resources */,
				DF869EB929DAC7FB002D7C68 /* Assets.xcassets in Resources */,
				DF869EB729DAC7F8002D7C68 /* Main.storyboard in Resources */,
			);
			runOnlyForDeploymentPostprocessing = 0;
		};
		DF869EC029DAC7FB002D7C68 /* Resources */ = {
			isa = PBXResourcesBuildPhase;
			buildActionMask = 2147483647;
			files = (
			);
			runOnlyForDeploymentPostprocessing = 0;
		};
		DF869ECA29DAC7FB002D7C68 /* Resources */ = {
			isa = PBXResourcesBuildPhase;
			buildActionMask = 2147483647;
			files = (
			);
			runOnlyForDeploymentPostprocessing = 0;
		};
/* End PBXResourcesBuildPhase section */

/* Begin PBXSourcesBuildPhase section */
		DF869EA829DAC7F8002D7C68 /* Sources */ = {
			isa = PBXSourcesBuildPhase;
			buildActionMask = 2147483647;
			files = (
				DF869EB429DAC7F8002D7C68 /* ViewController.swift in Sources */,
				DF869EB029DAC7F8002D7C68 /* AppDelegate.swift in Sources */,
				DF869EB229DAC7F8002D7C68 /* SceneDelegate.swift in Sources */,
			);
			runOnlyForDeploymentPostprocessing = 0;
		};
		DF869EBE29DAC7FB002D7C68 /* Sources */ = {
			isa = PBXSourcesBuildPhase;
			buildActionMask = 2147483647;
			files = (
				DF869EC729DAC7FB002D7C68 /* VerizonLivelikeTests.swift in Sources */,
			);
			runOnlyForDeploymentPostprocessing = 0;
		};
		DF869EC829DAC7FB002D7C68 /* Sources */ = {
			isa = PBXSourcesBuildPhase;
			buildActionMask = 2147483647;
			files = (
				DF869ED129DAC7FB002D7C68 /* VerizonLivelikeUITests.swift in Sources */,
				DF869ED329DAC7FB002D7C68 /* VerizonLivelikeUITestsLaunchTests.swift in Sources */,
			);
			runOnlyForDeploymentPostprocessing = 0;
		};
/* End PBXSourcesBuildPhase section */

/* Begin PBXTargetDependency section */
		DF869EC429DAC7FB002D7C68 /* PBXTargetDependency */ = {
			isa = PBXTargetDependency;
			target = DF869EAB29DAC7F8002D7C68 /* VerizonLivelike */;
			targetProxy = DF869EC329DAC7FB002D7C68 /* PBXContainerItemProxy */;
		};
		DF869ECE29DAC7FB002D7C68 /* PBXTargetDependency */ = {
			isa = PBXTargetDependency;
			target = DF869EAB29DAC7F8002D7C68 /* VerizonLivelike */;
			targetProxy = DF869ECD29DAC7FB002D7C68 /* PBXContainerItemProxy */;
		};
/* End PBXTargetDependency section */

/* Begin PBXVariantGroup section */
		DF869EB529DAC7F8002D7C68 /* Main.storyboard */ = {
			isa = PBXVariantGroup;
			children = (
				DF869EB629DAC7F8002D7C68 /* Base */,
			);
			name = Main.storyboard;
			sourceTree = "<group>";
		};
		DF869EBA29DAC7FB002D7C68 /* LaunchScreen.storyboard */ = {
			isa = PBXVariantGroup;
			children = (
				DF869EBB29DAC7FB002D7C68 /* Base */,
			);
			name = LaunchScreen.storyboard;
			sourceTree = "<group>";
		};
/* End PBXVariantGroup section */

/* Begin XCBuildConfiguration section */
		DF869ED429DAC7FB002D7C68 /* Debug */ = {
			isa = XCBuildConfiguration;
			buildSettings = {
				ALWAYS_SEARCH_USER_PATHS = NO;
				CLANG_ANALYZER_NONNULL = YES;
				CLANG_ANALYZER_NUMBER_OBJECT_CONVERSION = YES_AGGRESSIVE;
				CLANG_CXX_LANGUAGE_STANDARD = "gnu++20";
				CLANG_ENABLE_MODULES = YES;
				CLANG_ENABLE_OBJC_ARC = YES;
				CLANG_ENABLE_OBJC_WEAK = YES;
				CLANG_WARN_BLOCK_CAPTURE_AUTORELEASING = YES;
				CLANG_WARN_BOOL_CONVERSION = YES;
				CLANG_WARN_COMMA = YES;
				CLANG_WARN_CONSTANT_CONVERSION = YES;
				CLANG_WARN_DEPRECATED_OBJC_IMPLEMENTATIONS = YES;
				CLANG_WARN_DIRECT_OBJC_ISA_USAGE = YES_ERROR;
				CLANG_WARN_DOCUMENTATION_COMMENTS = YES;
				CLANG_WARN_EMPTY_BODY = YES;
				CLANG_WARN_ENUM_CONVERSION = YES;
				CLANG_WARN_INFINITE_RECURSION = YES;
				CLANG_WARN_INT_CONVERSION = YES;
				CLANG_WARN_NON_LITERAL_NULL_CONVERSION = YES;
				CLANG_WARN_OBJC_IMPLICIT_RETAIN_SELF = YES;
				CLANG_WARN_OBJC_LITERAL_CONVERSION = YES;
				CLANG_WARN_OBJC_ROOT_CLASS = YES_ERROR;
				CLANG_WARN_QUOTED_INCLUDE_IN_FRAMEWORK_HEADER = YES;
				CLANG_WARN_RANGE_LOOP_ANALYSIS = YES;
				CLANG_WARN_STRICT_PROTOTYPES = YES;
				CLANG_WARN_SUSPICIOUS_MOVE = YES;
				CLANG_WARN_UNGUARDED_AVAILABILITY = YES_AGGRESSIVE;
				CLANG_WARN_UNREACHABLE_CODE = YES;
				CLANG_WARN__DUPLICATE_METHOD_MATCH = YES;
				COPY_PHASE_STRIP = NO;
				DEBUG_INFORMATION_FORMAT = dwarf;
				ENABLE_STRICT_OBJC_MSGSEND = YES;
				ENABLE_TESTABILITY = YES;
				GCC_C_LANGUAGE_STANDARD = gnu11;
				GCC_DYNAMIC_NO_PIC = NO;
				GCC_NO_COMMON_BLOCKS = YES;
				GCC_OPTIMIZATION_LEVEL = 0;
				GCC_PREPROCESSOR_DEFINITIONS = (
					"DEBUG=1",
					"$(inherited)",
				);
				GCC_WARN_64_TO_32_BIT_CONVERSION = YES;
				GCC_WARN_ABOUT_RETURN_TYPE = YES_ERROR;
				GCC_WARN_UNDECLARED_SELECTOR = YES;
				GCC_WARN_UNINITIALIZED_AUTOS = YES_AGGRESSIVE;
				GCC_WARN_UNUSED_FUNCTION = YES;
				GCC_WARN_UNUSED_VARIABLE = YES;
				IPHONEOS_DEPLOYMENT_TARGET = 16.1;
				MTL_ENABLE_DEBUG_INFO = INCLUDE_SOURCE;
				MTL_FAST_MATH = YES;
				ONLY_ACTIVE_ARCH = YES;
				SDKROOT = iphoneos;
				SWIFT_ACTIVE_COMPILATION_CONDITIONS = DEBUG;
				SWIFT_OPTIMIZATION_LEVEL = "-Onone";
			};
			name = Debug;
		};
		DF869ED529DAC7FB002D7C68 /* Release */ = {
			isa = XCBuildConfiguration;
			buildSettings = {
				ALWAYS_SEARCH_USER_PATHS = NO;
				CLANG_ANALYZER_NONNULL = YES;
				CLANG_ANALYZER_NUMBER_OBJECT_CONVERSION = YES_AGGRESSIVE;
				CLANG_CXX_LANGUAGE_STANDARD = "gnu++20";
				CLANG_ENABLE_MODULES = YES;
				CLANG_ENABLE_OBJC_ARC = YES;
				CLANG_ENABLE_OBJC_WEAK = YES;
				CLANG_WARN_BLOCK_CAPTURE_AUTORELEASING = YES;
				CLANG_WARN_BOOL_CONVERSION = YES;
				CLANG_WARN_COMMA = YES;
				CLANG_WARN_CONSTANT_CONVERSION = YES;
				CLANG_WARN_DEPRECATED_OBJC_IMPLEMENTATIONS = YES;
				CLANG_WARN_DIRECT_OBJC_ISA_USAGE = YES_ERROR;
				CLANG_WARN_DOCUMENTATION_COMMENTS = YES;
				CLANG_WARN_EMPTY_BODY = YES;
				CLANG_WARN_ENUM_CONVERSION = YES;
				CLANG_WARN_INFINITE_RECURSION = YES;
				CLANG_WARN_INT_CONVERSION = YES;
				CLANG_WARN_NON_LITERAL_NULL_CONVERSION = YES;
				CLANG_WARN_OBJC_IMPLICIT_RETAIN_SELF = YES;
				CLANG_WARN_OBJC_LITERAL_CONVERSION = YES;
				CLANG_WARN_OBJC_ROOT_CLASS = YES_ERROR;
				CLANG_WARN_QUOTED_INCLUDE_IN_FRAMEWORK_HEADER = YES;
				CLANG_WARN_RANGE_LOOP_ANALYSIS = YES;
				CLANG_WARN_STRICT_PROTOTYPES = YES;
				CLANG_WARN_SUSPICIOUS_MOVE = YES;
				CLANG_WARN_UNGUARDED_AVAILABILITY = YES_AGGRESSIVE;
				CLANG_WARN_UNREACHABLE_CODE = YES;
				CLANG_WARN__DUPLICATE_METHOD_MATCH = YES;
				COPY_PHASE_STRIP = NO;
				DEBUG_INFORMATION_FORMAT = "dwarf-with-dsym";
				ENABLE_NS_ASSERTIONS = NO;
				ENABLE_STRICT_OBJC_MSGSEND = YES;
				GCC_C_LANGUAGE_STANDARD = gnu11;
				GCC_NO_COMMON_BLOCKS = YES;
				GCC_WARN_64_TO_32_BIT_CONVERSION = YES;
				GCC_WARN_ABOUT_RETURN_TYPE = YES_ERROR;
				GCC_WARN_UNDECLARED_SELECTOR = YES;
				GCC_WARN_UNINITIALIZED_AUTOS = YES_AGGRESSIVE;
				GCC_WARN_UNUSED_FUNCTION = YES;
				GCC_WARN_UNUSED_VARIABLE = YES;
				IPHONEOS_DEPLOYMENT_TARGET = 16.1;
				MTL_ENABLE_DEBUG_INFO = NO;
				MTL_FAST_MATH = YES;
				SDKROOT = iphoneos;
				SWIFT_COMPILATION_MODE = wholemodule;
				SWIFT_OPTIMIZATION_LEVEL = "-O";
				VALIDATE_PRODUCT = YES;
			};
			name = Release;
		};
		DF869ED729DAC7FB002D7C68 /* Debug */ = {
			isa = XCBuildConfiguration;
			buildSettings = {
				ASSETCATALOG_COMPILER_APPICON_NAME = AppIcon;
				ASSETCATALOG_COMPILER_GLOBAL_ACCENT_COLOR_NAME = AccentColor;
				CODE_SIGN_STYLE = Automatic;
				CURRENT_PROJECT_VERSION = 1;
				GENERATE_INFOPLIST_FILE = YES;
				INFOPLIST_FILE = VerizonLivelike/Info.plist;
				INFOPLIST_KEY_UIApplicationSupportsIndirectInputEvents = YES;
				INFOPLIST_KEY_UILaunchStoryboardName = LaunchScreen;
				INFOPLIST_KEY_UIMainStoryboardFile = Main;
				INFOPLIST_KEY_UISupportedInterfaceOrientations_iPad = "UIInterfaceOrientationPortrait UIInterfaceOrientationPortraitUpsideDown UIInterfaceOrientationLandscapeLeft UIInterfaceOrientationLandscapeRight";
				INFOPLIST_KEY_UISupportedInterfaceOrientations_iPhone = "UIInterfaceOrientationPortrait UIInterfaceOrientationLandscapeLeft UIInterfaceOrientationLandscapeRight";
				LD_RUNPATH_SEARCH_PATHS = (
					"$(inherited)",
					"@executable_path/Frameworks",
				);
				MARKETING_VERSION = 1.0;
				PRODUCT_BUNDLE_IDENTIFIER = livelike.VerizonLivelike;
				PRODUCT_NAME = "$(TARGET_NAME)";
				SWIFT_EMIT_LOC_STRINGS = YES;
				SWIFT_VERSION = 5.0;
				TARGETED_DEVICE_FAMILY = "1,2";
			};
			name = Debug;
		};
		DF869ED829DAC7FB002D7C68 /* Release */ = {
			isa = XCBuildConfiguration;
			buildSettings = {
				ASSETCATALOG_COMPILER_APPICON_NAME = AppIcon;
				ASSETCATALOG_COMPILER_GLOBAL_ACCENT_COLOR_NAME = AccentColor;
				CODE_SIGN_STYLE = Automatic;
				CURRENT_PROJECT_VERSION = 1;
				GENERATE_INFOPLIST_FILE = YES;
				INFOPLIST_FILE = VerizonLivelike/Info.plist;
				INFOPLIST_KEY_UIApplicationSupportsIndirectInputEvents = YES;
				INFOPLIST_KEY_UILaunchStoryboardName = LaunchScreen;
				INFOPLIST_KEY_UIMainStoryboardFile = Main;
				INFOPLIST_KEY_UISupportedInterfaceOrientations_iPad = "UIInterfaceOrientationPortrait UIInterfaceOrientationPortraitUpsideDown UIInterfaceOrientationLandscapeLeft UIInterfaceOrientationLandscapeRight";
				INFOPLIST_KEY_UISupportedInterfaceOrientations_iPhone = "UIInterfaceOrientationPortrait UIInterfaceOrientationLandscapeLeft UIInterfaceOrientationLandscapeRight";
				LD_RUNPATH_SEARCH_PATHS = (
					"$(inherited)",
					"@executable_path/Frameworks",
				);
				MARKETING_VERSION = 1.0;
				PRODUCT_BUNDLE_IDENTIFIER = livelike.VerizonLivelike;
				PRODUCT_NAME = "$(TARGET_NAME)";
				SWIFT_EMIT_LOC_STRINGS = YES;
				SWIFT_VERSION = 5.0;
				TARGETED_DEVICE_FAMILY = "1,2";
			};
			name = Release;
		};
		DF869EDA29DAC7FB002D7C68 /* Debug */ = {
			isa = XCBuildConfiguration;
			buildSettings = {
				ALWAYS_EMBED_SWIFT_STANDARD_LIBRARIES = YES;
				BUNDLE_LOADER = "$(TEST_HOST)";
				CODE_SIGN_STYLE = Automatic;
				CURRENT_PROJECT_VERSION = 1;
				GENERATE_INFOPLIST_FILE = YES;
				IPHONEOS_DEPLOYMENT_TARGET = 16.1;
				MARKETING_VERSION = 1.0;
				PRODUCT_BUNDLE_IDENTIFIER = livelike.VerizonLivelikeTests;
				PRODUCT_NAME = "$(TARGET_NAME)";
				SWIFT_EMIT_LOC_STRINGS = NO;
				SWIFT_VERSION = 5.0;
				TARGETED_DEVICE_FAMILY = "1,2";
				TEST_HOST = "$(BUILT_PRODUCTS_DIR)/VerizonLivelike.app/$(BUNDLE_EXECUTABLE_FOLDER_PATH)/VerizonLivelike";
			};
			name = Debug;
		};
		DF869EDB29DAC7FB002D7C68 /* Release */ = {
			isa = XCBuildConfiguration;
			buildSettings = {
				ALWAYS_EMBED_SWIFT_STANDARD_LIBRARIES = YES;
				BUNDLE_LOADER = "$(TEST_HOST)";
				CODE_SIGN_STYLE = Automatic;
				CURRENT_PROJECT_VERSION = 1;
				GENERATE_INFOPLIST_FILE = YES;
				IPHONEOS_DEPLOYMENT_TARGET = 16.1;
				MARKETING_VERSION = 1.0;
				PRODUCT_BUNDLE_IDENTIFIER = livelike.VerizonLivelikeTests;
				PRODUCT_NAME = "$(TARGET_NAME)";
				SWIFT_EMIT_LOC_STRINGS = NO;
				SWIFT_VERSION = 5.0;
				TARGETED_DEVICE_FAMILY = "1,2";
				TEST_HOST = "$(BUILT_PRODUCTS_DIR)/VerizonLivelike.app/$(BUNDLE_EXECUTABLE_FOLDER_PATH)/VerizonLivelike";
			};
			name = Release;
		};
		DF869EDD29DAC7FB002D7C68 /* Debug */ = {
			isa = XCBuildConfiguration;
			buildSettings = {
				ALWAYS_EMBED_SWIFT_STANDARD_LIBRARIES = YES;
				CODE_SIGN_STYLE = Automatic;
				CURRENT_PROJECT_VERSION = 1;
				GENERATE_INFOPLIST_FILE = YES;
				MARKETING_VERSION = 1.0;
				PRODUCT_BUNDLE_IDENTIFIER = livelike.VerizonLivelikeUITests;
				PRODUCT_NAME = "$(TARGET_NAME)";
				SWIFT_EMIT_LOC_STRINGS = NO;
				SWIFT_VERSION = 5.0;
				TARGETED_DEVICE_FAMILY = "1,2";
				TEST_TARGET_NAME = VerizonLivelike;
			};
			name = Debug;
		};
		DF869EDE29DAC7FB002D7C68 /* Release */ = {
			isa = XCBuildConfiguration;
			buildSettings = {
				ALWAYS_EMBED_SWIFT_STANDARD_LIBRARIES = YES;
				CODE_SIGN_STYLE = Automatic;
				CURRENT_PROJECT_VERSION = 1;
				GENERATE_INFOPLIST_FILE = YES;
				MARKETING_VERSION = 1.0;
				PRODUCT_BUNDLE_IDENTIFIER = livelike.VerizonLivelikeUITests;
				PRODUCT_NAME = "$(TARGET_NAME)";
				SWIFT_EMIT_LOC_STRINGS = NO;
				SWIFT_VERSION = 5.0;
				TARGETED_DEVICE_FAMILY = "1,2";
				TEST_TARGET_NAME = VerizonLivelike;
			};
			name = Release;
		};
/* End XCBuildConfiguration section */

/* Begin XCConfigurationList section */
		DF869EA729DAC7F8002D7C68 /* Build configuration list for PBXProject "VerizonLivelike" */ = {
			isa = XCConfigurationList;
			buildConfigurations = (
				DF869ED429DAC7FB002D7C68 /* Debug */,
				DF869ED529DAC7FB002D7C68 /* Release */,
			);
			defaultConfigurationIsVisible = 0;
			defaultConfigurationName = Release;
		};
		DF869ED629DAC7FB002D7C68 /* Build configuration list for PBXNativeTarget "VerizonLivelike" */ = {
			isa = XCConfigurationList;
			buildConfigurations = (
				DF869ED729DAC7FB002D7C68 /* Debug */,
				DF869ED829DAC7FB002D7C68 /* Release */,
			);
			defaultConfigurationIsVisible = 0;
			defaultConfigurationName = Release;
		};
		DF869ED929DAC7FB002D7C68 /* Build configuration list for PBXNativeTarget "VerizonLivelikeTests" */ = {
			isa = XCConfigurationList;
			buildConfigurations = (
				DF869EDA29DAC7FB002D7C68 /* Debug */,
				DF869EDB29DAC7FB002D7C68 /* Release */,
			);
			defaultConfigurationIsVisible = 0;
			defaultConfigurationName = Release;
		};
		DF869EDC29DAC7FB002D7C68 /* Build configuration list for PBXNativeTarget "VerizonLivelikeUITests" */ = {
			isa = XCConfigurationList;
			buildConfigurations = (
				DF869EDD29DAC7FB002D7C68 /* Debug */,
				DF869EDE29DAC7FB002D7C68 /* Release */,
			);
			defaultConfigurationIsVisible = 0;
			defaultConfigurationName = Release;
		};
/* End XCConfigurationList section */
	};
	rootObject = DF869EA429DAC7F8002D7C68 /* Project object */;
}
